
Microsoft Visual Studio Solution File, Format Version 12.00
# Visual Studio Version 16
VisualStudioVersion = 16.0.30907.101
MinimumVisualStudioVersion = 10.0.40219.1
Project("{9A19103F-16F7-4668-BE54-9A1E7A4F7556}") = "Stx.JP.Mobile", "Stx.JP.Mobile\Stx.JP.Mobile.csproj", "{7AA9EA3F-F145-442F-86FE-F1B56A0B9CA0}"
EndProject
Project("{FAE04EC0-301F-11D3-BF4B-00C04F79EFBC}") = "Stx.JP.Mobile.Android", "Stx.JP.Mobile.Android\Stx.JP.Mobile.Android.csproj", "{A1E4446A-5946-416C-93AD-DA6A78FD3B7C}"
EndProject
Project("{FAE04EC0-301F-11D3-BF4B-00C04F79EFBC}") = "Stx.JP.Mobile.iOS", "Stx.JP.Mobile.iOS\Stx.JP.Mobile.iOS.csproj", "{5A650921-0875-4461-89FE-E23672248430}"
EndProject
Project("{9A19103F-16F7-4668-BE54-9A1E7A4F7556}") = "Stx.Shared", "..\Stx.Shared\Stx.Shared.csproj", "{8ED6C2DA-201C-4BF9-981E-82C6AA1AA4A5}"
EndProject
Project("{9A19103F-16F7-4668-BE54-9A1E7A4F7556}") = "Stx.DataServices.Hrm", "..\Stx.DataServices.Hrm\Stx.DataServices.Hrm.csproj", "{91FCEBC5-94E2-4D19-9923-FD30460798A6}"
EndProject
Global
	GlobalSection(SolutionConfigurationPlatforms) = preSolution
		Ad-Hoc|Any CPU = Ad-Hoc|Any CPU
		Ad-Hoc|iPhone = Ad-Hoc|iPhone
		Ad-Hoc|iPhoneSimulator = Ad-Hoc|iPhoneSimulator
		AppStore|Any CPU = AppStore|Any CPU
		AppStore|iPhone = AppStore|iPhone
		AppStore|iPhoneSimulator = AppStore|iPhoneSimulator
		Debug|Any CPU = Debug|Any CPU
		Debug|iPhone = Debug|iPhone
		Debug|iPhoneSimulator = Debug|iPhoneSimulator
		Release|Any CPU = Release|Any CPU
		Release|iPhone = Release|iPhone
		Release|iPhoneSimulator = Release|iPhoneSimulator
	EndGlobalSection
	GlobalSection(ProjectConfigurationPlatforms) = postSolution
		{7AA9EA3F-F145-442F-86FE-F1B56A0B9CA0}.Ad-Hoc|Any CPU.ActiveCfg = Debug|Any CPU
		{7AA9EA3F-F145-442F-86FE-F1B56A0B9CA0}.Ad-Hoc|Any CPU.Build.0 = Debug|Any CPU
		{7AA9EA3F-F145-442F-86FE-F1B56A0B9CA0}.Ad-Hoc|iPhone.ActiveCfg = Debug|Any CPU
		{7AA9EA3F-F145-442F-86FE-F1B56A0B9CA0}.Ad-Hoc|iPhone.Build.0 = Debug|Any CPU
		{7AA9EA3F-F145-442F-86FE-F1B56A0B9CA0}.Ad-Hoc|iPhoneSimulator.ActiveCfg = Debug|Any CPU
		{7AA9EA3F-F145-442F-86FE-F1B56A0B9CA0}.Ad-Hoc|iPhoneSimulator.Build.0 = Debug|Any CPU
		{7AA9EA3F-F145-442F-86FE-F1B56A0B9CA0}.AppStore|Any CPU.ActiveCfg = Debug|Any CPU
		{7AA9EA3F-F145-442F-86FE-F1B56A0B9CA0}.AppStore|Any CPU.Build.0 = Debug|Any CPU
		{7AA9EA3F-F145-442F-86FE-F1B56A0B9CA0}.AppStore|iPhone.ActiveCfg = Debug|Any CPU
		{7AA9EA3F-F145-442F-86FE-F1B56A0B9CA0}.AppStore|iPhone.Build.0 = Debug|Any CPU
		{7AA9EA3F-F145-442F-86FE-F1B56A0B9CA0}.AppStore|iPhoneSimulator.ActiveCfg = Debug|Any CPU
		{7AA9EA3F-F145-442F-86FE-F1B56A0B9CA0}.AppStore|iPhoneSimulator.Build.0 = Debug|Any CPU
		{7AA9EA3F-F145-442F-86FE-F1B56A0B9CA0}.Debug|Any CPU.ActiveCfg = Debug|Any CPU
		{7AA9EA3F-F145-442F-86FE-F1B56A0B9CA0}.Debug|Any CPU.Build.0 = Debug|Any CPU
		{7AA9EA3F-F145-442F-86FE-F1B56A0B9CA0}.Debug|iPhone.ActiveCfg = Debug|Any CPU
		{7AA9EA3F-F145-442F-86FE-F1B56A0B9CA0}.Debug|iPhone.Build.0 = Debug|Any CPU
		{7AA9EA3F-F145-442F-86FE-F1B56A0B9CA0}.Debug|iPhoneSimulator.ActiveCfg = Debug|Any CPU
		{7AA9EA3F-F145-442F-86FE-F1B56A0B9CA0}.Debug|iPhoneSimulator.Build.0 = Debug|Any CPU
		{7AA9EA3F-F145-442F-86FE-F1B56A0B9CA0}.Release|Any CPU.ActiveCfg = Release|Any CPU
		{7AA9EA3F-F145-442F-86FE-F1B56A0B9CA0}.Release|Any CPU.Build.0 = Release|Any CPU
		{7AA9EA3F-F145-442F-86FE-F1B56A0B9CA0}.Release|iPhone.ActiveCfg = Release|Any CPU
		{7AA9EA3F-F145-442F-86FE-F1B56A0B9CA0}.Release|iPhone.Build.0 = Release|Any CPU
		{7AA9EA3F-F145-442F-86FE-F1B56A0B9CA0}.Release|iPhoneSimulator.ActiveCfg = Release|Any CPU
		{7AA9EA3F-F145-442F-86FE-F1B56A0B9CA0}.Release|iPhoneSimulator.Build.0 = Release|Any CPU
		{A1E4446A-5946-416C-93AD-DA6A78FD3B7C}.Ad-Hoc|Any CPU.ActiveCfg = Debug|Any CPU
		{A1E4446A-5946-416C-93AD-DA6A78FD3B7C}.Ad-Hoc|Any CPU.Build.0 = Debug|Any CPU
		{A1E4446A-5946-416C-93AD-DA6A78FD3B7C}.Ad-Hoc|Any CPU.Deploy.0 = Debug|Any CPU
		{A1E4446A-5946-416C-93AD-DA6A78FD3B7C}.Ad-Hoc|iPhone.ActiveCfg = Debug|Any CPU
		{A1E4446A-5946-416C-93AD-DA6A78FD3B7C}.Ad-Hoc|iPhone.Build.0 = Debug|Any CPU
		{A1E4446A-5946-416C-93AD-DA6A78FD3B7C}.Ad-Hoc|iPhone.Deploy.0 = Debug|Any CPU
		{A1E4446A-5946-416C-93AD-DA6A78FD3B7C}.Ad-Hoc|iPhoneSimulator.ActiveCfg = Debug|Any CPU
		{A1E4446A-5946-416C-93AD-DA6A78FD3B7C}.Ad-Hoc|iPhoneSimulator.Build.0 = Debug|Any CPU
		{A1E4446A-5946-416C-93AD-DA6A78FD3B7C}.Ad-Hoc|iPhoneSimulator.Deploy.0 = Debug|Any CPU
		{A1E4446A-5946-416C-93AD-DA6A78FD3B7C}.AppStore|Any CPU.ActiveCfg = Debug|Any CPU
		{A1E4446A-5946-416C-93AD-DA6A78FD3B7C}.AppStore|Any CPU.Build.0 = Debug|Any CPU
		{A1E4446A-5946-416C-93AD-DA6A78FD3B7C}.AppStore|Any CPU.Deploy.0 = Debug|Any CPU
		{A1E4446A-5946-416C-93AD-DA6A78FD3B7C}.AppStore|iPhone.ActiveCfg = Debug|Any CPU
		{A1E4446A-5946-416C-93AD-DA6A78FD3B7C}.AppStore|iPhone.Build.0 = Debug|Any CPU
		{A1E4446A-5946-416C-93AD-DA6A78FD3B7C}.AppStore|iPhone.Deploy.0 = Debug|Any CPU
		{A1E4446A-5946-416C-93AD-DA6A78FD3B7C}.AppStore|iPhoneSimulator.ActiveCfg = Debug|Any CPU
		{A1E4446A-5946-416C-93AD-DA6A78FD3B7C}.AppStore|iPhoneSimulator.Build.0 = Debug|Any CPU
		{A1E4446A-5946-416C-93AD-DA6A78FD3B7C}.AppStore|iPhoneSimulator.Deploy.0 = Debug|Any CPU
		{A1E4446A-5946-416C-93AD-DA6A78FD3B7C}.Debug|Any CPU.ActiveCfg = Debug|Any CPU
		{A1E4446A-5946-416C-93AD-DA6A78FD3B7C}.Debug|Any CPU.Build.0 = Debug|Any CPU
		{A1E4446A-5946-416C-93AD-DA6A78FD3B7C}.Debug|Any CPU.Deploy.0 = Debug|Any CPU
		{A1E4446A-5946-416C-93AD-DA6A78FD3B7C}.Debug|iPhone.ActiveCfg = Debug|Any CPU
		{A1E4446A-5946-416C-93AD-DA6A78FD3B7C}.Debug|iPhone.Build.0 = Debug|Any CPU
		{A1E4446A-5946-416C-93AD-DA6A78FD3B7C}.Debug|iPhone.Deploy.0 = Debug|Any CPU
		{A1E4446A-5946-416C-93AD-DA6A78FD3B7C}.Debug|iPhoneSimulator.ActiveCfg = Debug|Any CPU
		{A1E4446A-5946-416C-93AD-DA6A78FD3B7C}.Debug|iPhoneSimulator.Build.0 = Debug|Any CPU
		{A1E4446A-5946-416C-93AD-DA6A78FD3B7C}.Debug|iPhoneSimulator.Deploy.0 = Debug|Any CPU
		{A1E4446A-5946-416C-93AD-DA6A78FD3B7C}.Release|Any CPU.ActiveCfg = Release|Any CPU
		{A1E4446A-5946-416C-93AD-DA6A78FD3B7C}.Release|Any CPU.Build.0 = Release|Any CPU
		{A1E4446A-5946-416C-93AD-DA6A78FD3B7C}.Release|Any CPU.Deploy.0 = Release|Any CPU
		{A1E4446A-5946-416C-93AD-DA6A78FD3B7C}.Release|iPhone.ActiveCfg = Release|Any CPU
		{A1E4446A-5946-416C-93AD-DA6A78FD3B7C}.Release|iPhone.Build.0 = Release|Any CPU
		{A1E4446A-5946-416C-93AD-DA6A78FD3B7C}.Release|iPhone.Deploy.0 = Release|Any CPU
		{A1E4446A-5946-416C-93AD-DA6A78FD3B7C}.Release|iPhoneSimulator.ActiveCfg = Release|Any CPU
		{A1E4446A-5946-416C-93AD-DA6A78FD3B7C}.Release|iPhoneSimulator.Build.0 = Release|Any CPU
		{A1E4446A-5946-416C-93AD-DA6A78FD3B7C}.Release|iPhoneSimulator.Deploy.0 = Release|Any CPU
		{5A650921-0875-4461-89FE-E23672248430}.Ad-Hoc|Any CPU.ActiveCfg = Ad-Hoc|iPhoneSimulator
		{5A650921-0875-4461-89FE-E23672248430}.Ad-Hoc|iPhone.ActiveCfg = Ad-Hoc|iPhone
		{5A650921-0875-4461-89FE-E23672248430}.Ad-Hoc|iPhone.Build.0 = Ad-Hoc|iPhone
		{5A650921-0875-4461-89FE-E23672248430}.Ad-Hoc|iPhoneSimulator.ActiveCfg = Ad-Hoc|iPhoneSimulator
		{5A650921-0875-4461-89FE-E23672248430}.Ad-Hoc|iPhoneSimulator.Build.0 = Ad-Hoc|iPhoneSimulator
		{5A650921-0875-4461-89FE-E23672248430}.AppStore|Any CPU.ActiveCfg = AppStore|iPhoneSimulator
		{5A650921-0875-4461-89FE-E23672248430}.AppStore|iPhone.ActiveCfg = AppStore|iPhone
		{5A650921-0875-4461-89FE-E23672248430}.AppStore|iPhone.Build.0 = AppStore|iPhone
		{5A650921-0875-4461-89FE-E23672248430}.AppStore|iPhoneSimulator.ActiveCfg = AppStore|iPhoneSimulator
		{5A650921-0875-4461-89FE-E23672248430}.AppStore|iPhoneSimulator.Build.0 = AppStore|iPhoneSimulator
		{5A650921-0875-4461-89FE-E23672248430}.Debug|Any CPU.ActiveCfg = Debug|iPhoneSimulator
		{5A650921-0875-4461-89FE-E23672248430}.Debug|iPhone.ActiveCfg = Debug|iPhone
		{5A650921-0875-4461-89FE-E23672248430}.Debug|iPhone.Build.0 = Debug|iPhone
		{5A650921-0875-4461-89FE-E23672248430}.Debug|iPhoneSimulator.ActiveCfg = Debug|iPhoneSimulator
		{5A650921-0875-4461-89FE-E23672248430}.Debug|iPhoneSimulator.Build.0 = Debug|iPhoneSimulator
		{5A650921-0875-4461-89FE-E23672248430}.Release|Any CPU.ActiveCfg = Release|iPhoneSimulator
		{5A650921-0875-4461-89FE-E23672248430}.Release|iPhone.ActiveCfg = Release|iPhone
		{5A650921-0875-4461-89FE-E23672248430}.Release|iPhone.Build.0 = Release|iPhone
		{5A650921-0875-4461-89FE-E23672248430}.Release|iPhoneSimulator.ActiveCfg = Release|iPhoneSimulator
		{5A650921-0875-4461-89FE-E23672248430}.Release|iPhoneSimulator.Build.0 = Release|iPhoneSimulator
		{8ED6C2DA-201C-4BF9-981E-82C6AA1AA4A5}.Ad-Hoc|Any CPU.ActiveCfg = Debug|Any CPU
		{8ED6C2DA-201C-4BF9-981E-82C6AA1AA4A5}.Ad-Hoc|Any CPU.Build.0 = Debug|Any CPU
		{8ED6C2DA-201C-4BF9-981E-82C6AA1AA4A5}.Ad-Hoc|iPhone.ActiveCfg = Debug|Any CPU
		{8ED6C2DA-201C-4BF9-981E-82C6AA1AA4A5}.Ad-Hoc|iPhone.Build.0 = Debug|Any CPU
		{8ED6C2DA-201C-4BF9-981E-82C6AA1AA4A5}.Ad-Hoc|iPhoneSimulator.ActiveCfg = Debug|Any CPU
		{8ED6C2DA-201C-4BF9-981E-82C6AA1AA4A5}.Ad-Hoc|iPhoneSimulator.Build.0 = Debug|Any CPU
		{8ED6C2DA-201C-4BF9-981E-82C6AA1AA4A5}.AppStore|Any CPU.ActiveCfg = Debug|Any CPU
		{8ED6C2DA-201C-4BF9-981E-82C6AA1AA4A5}.AppStore|Any CPU.Build.0 = Debug|Any CPU
		{8ED6C2DA-201C-4BF9-981E-82C6AA1AA4A5}.AppStore|iPhone.ActiveCfg = Debug|Any CPU
		{8ED6C2DA-201C-4BF9-981E-82C6AA1AA4A5}.AppStore|iPhone.Build.0 = Debug|Any CPU
		{8ED6C2DA-201C-4BF9-981E-82C6AA1AA4A5}.AppStore|iPhoneSimulator.ActiveCfg = Debug|Any CPU
		{8ED6C2DA-201C-4BF9-981E-82C6AA1AA4A5}.AppStore|iPhoneSimulator.Build.0 = Debug|Any CPU
		{8ED6C2DA-201C-4BF9-981E-82C6AA1AA4A5}.Debug|Any CPU.ActiveCfg = Debug|Any CPU
		{8ED6C2DA-201C-4BF9-981E-82C6AA1AA4A5}.Debug|Any CPU.Build.0 = Debug|Any CPU
		{8ED6C2DA-201C-4BF9-981E-82C6AA1AA4A5}.Debug|iPhone.ActiveCfg = Debug|Any CPU
		{8ED6C2DA-201C-4BF9-981E-82C6AA1AA4A5}.Debug|iPhone.Build.0 = Debug|Any CPU
		{8ED6C2DA-201C-4BF9-981E-82C6AA1AA4A5}.Debug|iPhoneSimulator.ActiveCfg = Debug|Any CPU
		{8ED6C2DA-201C-4BF9-981E-82C6AA1AA4A5}.Debug|iPhoneSimulator.Build.0 = Debug|Any CPU
		{8ED6C2DA-201C-4BF9-981E-82C6AA1AA4A5}.Release|Any CPU.ActiveCfg = Release|Any CPU
		{8ED6C2DA-201C-4BF9-981E-82C6AA1AA4A5}.Release|Any CPU.Build.0 = Release|Any CPU
		{8ED6C2DA-201C-4BF9-981E-82C6AA1AA4A5}.Release|iPhone.ActiveCfg = Release|Any CPU
		{8ED6C2DA-201C-4BF9-981E-82C6AA1AA4A5}.Release|iPhone.Build.0 = Release|Any CPU
		{8ED6C2DA-201C-4BF9-981E-82C6AA1AA4A5}.Release|iPhoneSimulator.ActiveCfg = Release|Any CPU
		{8ED6C2DA-201C-4BF9-981E-82C6AA1AA4A5}.Release|iPhoneSimulator.Build.0 = Release|Any CPU
		{91FCEBC5-94E2-4D19-9923-FD30460798A6}.Ad-Hoc|Any CPU.ActiveCfg = Debug|Any CPU
		{91FCEBC5-94E2-4D19-9923-FD30460798A6}.Ad-Hoc|Any CPU.Build.0 = Debug|Any CPU
		{91FCEBC5-94E2-4D19-9923-FD30460798A6}.Ad-Hoc|iPhone.ActiveCfg = Debug|Any CPU
		{91FCEBC5-94E2-4D19-9923-FD30460798A6}.Ad-Hoc|iPhone.Build.0 = Debug|Any CPU
		{91FCEBC5-94E2-4D19-9923-FD30460798A6}.Ad-Hoc|iPhoneSimulator.ActiveCfg = Debug|Any CPU
		{91FCEBC5-94E2-4D19-9923-FD30460798A6}.Ad-Hoc|iPhoneSimulator.Build.0 = Debug|Any CPU
		{91FCEBC5-94E2-4D19-9923-FD30460798A6}.AppStore|Any CPU.ActiveCfg = Debug|Any CPU
		{91FCEBC5-94E2-4D19-9923-FD30460798A6}.AppStore|Any CPU.Build.0 = Debug|Any CPU
		{91FCEBC5-94E2-4D19-9923-FD30460798A6}.AppStore|iPhone.ActiveCfg = Debug|Any CPU
		{91FCEBC5-94E2-4D19-9923-FD30460798A6}.AppStore|iPhone.Build.0 = Debug|Any CPU
		{91FCEBC5-94E2-4D19-9923-FD30460798A6}.AppStore|iPhoneSimulator.ActiveCfg = Debug|Any CPU
		{91FCEBC5-94E2-4D19-9923-FD30460798A6}.AppStore|iPhoneSimulator.Build.0 = Debug|Any CPU
		{91FCEBC5-94E2-4D19-9923-FD30460798A6}.Debug|Any CPU.ActiveCfg = Debug|Any CPU
		{91FCEBC5-94E2-4D19-9923-FD30460798A6}.Debug|Any CPU.Build.0 = Debug|Any CPU
		{91FCEBC5-94E2-4D19-9923-FD30460798A6}.Debug|iPhone.ActiveCfg = Debug|Any CPU
		{91FCEBC5-94E2-4D19-9923-FD30460798A6}.Debug|iPhone.Build.0 = Debug|Any CPU
		{91FCEBC5-94E2-4D19-9923-FD30460798A6}.Debug|iPhoneSimulator.ActiveCfg = Debug|Any CPU
		{91FCEBC5-94E2-4D19-9923-FD30460798A6}.Debug|iPhoneSimulator.Build.0 = Debug|Any CPU
		{91FCEBC5-94E2-4D19-9923-FD30460798A6}.Release|Any CPU.ActiveCfg = Release|Any CPU
		{91FCEBC5-94E2-4D19-9923-FD30460798A6}.Release|Any CPU.Build.0 = Release|Any CPU
		{91FCEBC5-94E2-4D19-9923-FD30460798A6}.Release|iPhone.ActiveCfg = Release|Any CPU
		{91FCEBC5-94E2-4D19-9923-FD30460798A6}.Release|iPhone.Build.0 = Release|Any CPU
		{91FCEBC5-94E2-4D19-9923-FD30460798A6}.Release|iPhoneSimulator.ActiveCfg = Release|Any CPU
		{91FCEBC5-94E2-4D19-9923-FD30460798A6}.Release|iPhoneSimulator.Build.0 = Release|Any CPU
	EndGlobalSection
	GlobalSection(SolutionProperties) = preSolution
		HideSolutionNode = FALSE
	EndGlobalSection
	GlobalSection(ExtensibilityGlobals) = postSolution
		SolutionGuid = {63C0547E-7957-412F-8E73-91E57239A97A}
	EndGlobalSection
EndGlobal
